
Microsoft Visual Studio Solution File, Format Version 12.00
# Visual Studio Version 17
VisualStudioVersion = 17.0.31825.309
MinimumVisualStudioVersion = 10.0.40219.1
Project("{FAE04EC0-301F-11D3-BF4B-00C04F79EFBC}") = "Printer", "Printer\Printer.csproj", "{7B966EF6-60D1-4921-8574-8A38D7E0BEDA}"
EndProject
Project("{FAE04EC0-301F-11D3-BF4B-00C04F79EFBC}") = "ClassRoom", "ClassRoom\ClassRoom.csproj", "{9D21BFEC-3C8C-462F-98A8-CBAA30791027}"
EndProject
Global
	GlobalSection(SolutionConfigurationPlatforms) = preSolution
		Debug|Any CPU = Debug|Any CPU
		Release|Any CPU = Release|Any CPU
	EndGlobalSection
	GlobalSection(ProjectConfigurationPlatforms) = postSolution
		{7B966EF6-60D1-4921-8574-8A38D7E0BEDA}.Debug|Any CPU.ActiveCfg = Debug|Any CPU
		{7B966EF6-60D1-4921-8574-8A38D7E0BEDA}.Debug|Any CPU.Build.0 = Debug|Any CPU
		{7B966EF6-60D1-4921-8574-8A38D7E0BEDA}.Release|Any CPU.ActiveCfg = Release|Any CPU
		{7B966EF6-60D1-4921-8574-8A38D7E0BEDA}.Release|Any CPU.Build.0 = Release|Any CPU
		{9D21BFEC-3C8C-462F-98A8-CBAA30791027}.Debug|Any CPU.ActiveCfg = Debug|Any CPU
		{9D21BFEC-3C8C-462F-98A8-CBAA30791027}.Debug|Any CPU.Build.0 = Debug|Any CPU
		{9D21BFEC-3C8C-462F-98A8-CBAA30791027}.Release|Any CPU.ActiveCfg = Release|Any CPU
		{9D21BFEC-3C8C-462F-98A8-CBAA30791027}.Release|Any CPU.Build.0 = Release|Any CPU
	EndGlobalSection
	GlobalSection(SolutionProperties) = preSolution
		HideSolutionNode = FALSE
	EndGlobalSection
	GlobalSection(ExtensibilityGlobals) = postSolution
		SolutionGuid = {42597003-DC5A-4352-ACC1-7A6781D91AD9}
	EndGlobalSection
EndGlobal
